
Microsoft Visual Studio Solution File, Format Version 12.00
# Visual Studio 15
Project("{FAE04EC0-301F-11D3-BF4B-00C04F79EFBC}") = "Assembly-CSharp-firstpass", "Assembly-CSharp-firstpass.csproj", "{B1E99442-ED46-B170-D428-A9BA50407828}"
EndProject
Project("{FAE04EC0-301F-11D3-BF4B-00C04F79EFBC}") = "Assembly-CSharp", "Assembly-CSharp.csproj", "{261125B3-6973-80F6-7E8B-83E8BB535982}"
EndProject
Global
	GlobalSection(SolutionConfigurationPlatforms) = preSolution
		Debug|Any CPU = Debug|Any CPU
		Release|Any CPU = Release|Any CPU
	EndGlobalSection
	GlobalSection(ProjectConfigurationPlatforms) = postSolution
		{B1E99442-ED46-B170-D428-A9BA50407828}.Debug|Any CPU.ActiveCfg = Debug|Any CPU
		{B1E99442-ED46-B170-D428-A9BA50407828}.Debug|Any CPU.Build.0 = Debug|Any CPU
		{B1E99442-ED46-B170-D428-A9BA50407828}.Release|Any CPU.ActiveCfg = Release|Any CPU
		{B1E99442-ED46-B170-D428-A9BA50407828}.Release|Any CPU.Build.0 = Release|Any CPU
		{261125B3-6973-80F6-7E8B-83E8BB535982}.Debug|Any CPU.ActiveCfg = Debug|Any CPU
		{261125B3-6973-80F6-7E8B-83E8BB535982}.Debug|Any CPU.Build.0 = Debug|Any CPU
		{261125B3-6973-80F6-7E8B-83E8BB535982}.Release|Any CPU.ActiveCfg = Release|Any CPU
		{261125B3-6973-80F6-7E8B-83E8BB535982}.Release|Any CPU.Build.0 = Release|Any CPU
	EndGlobalSection
	GlobalSection(SolutionProperties) = preSolution
		HideSolutionNode = FALSE
	EndGlobalSection
EndGlobal
